
Microsoft Visual Studio Solution File, Format Version 11.00
# Visual Studio 2010
Project("{FAE04EC0-301F-11D3-BF4B-00C04F79EFBC}") = "Vuforia_example_u56", "Assembly-CSharp-firstpass.csproj", "{35B4BD4C-847C-481A-1D8E-30F168B3D464}"
EndProject
Project("{FAE04EC0-301F-11D3-BF4B-00C04F79EFBC}") = "Vuforia_example_u56", "Assembly-CSharp.csproj", "{6D3A5CE2-75DC-2267-489F-56E14671F2A1}"
EndProject
Project("{FAE04EC0-301F-11D3-BF4B-00C04F79EFBC}") = "Vuforia_example_u56", "Assembly-CSharp-Editor.csproj", "{DD8F37B9-85FD-1A2E-2F8F-F23558390960}"
EndProject
Global
	GlobalSection(SolutionConfigurationPlatforms) = preSolution
		Debug|Any CPU = Debug|Any CPU
		Release|Any CPU = Release|Any CPU
	EndGlobalSection
	GlobalSection(ProjectConfigurationPlatforms) = postSolution
		{35B4BD4C-847C-481A-1D8E-30F168B3D464}.Debug|Any CPU.ActiveCfg = Debug|Any CPU
		{35B4BD4C-847C-481A-1D8E-30F168B3D464}.Debug|Any CPU.Build.0 = Debug|Any CPU
		{35B4BD4C-847C-481A-1D8E-30F168B3D464}.Release|Any CPU.ActiveCfg = Release|Any CPU
		{35B4BD4C-847C-481A-1D8E-30F168B3D464}.Release|Any CPU.Build.0 = Release|Any CPU
		{6D3A5CE2-75DC-2267-489F-56E14671F2A1}.Debug|Any CPU.ActiveCfg = Debug|Any CPU
		{6D3A5CE2-75DC-2267-489F-56E14671F2A1}.Debug|Any CPU.Build.0 = Debug|Any CPU
		{6D3A5CE2-75DC-2267-489F-56E14671F2A1}.Release|Any CPU.ActiveCfg = Release|Any CPU
		{6D3A5CE2-75DC-2267-489F-56E14671F2A1}.Release|Any CPU.Build.0 = Release|Any CPU
		{DD8F37B9-85FD-1A2E-2F8F-F23558390960}.Debug|Any CPU.ActiveCfg = Debug|Any CPU
		{DD8F37B9-85FD-1A2E-2F8F-F23558390960}.Debug|Any CPU.Build.0 = Debug|Any CPU
		{DD8F37B9-85FD-1A2E-2F8F-F23558390960}.Release|Any CPU.ActiveCfg = Release|Any CPU
		{DD8F37B9-85FD-1A2E-2F8F-F23558390960}.Release|Any CPU.Build.0 = Release|Any CPU
	EndGlobalSection
	GlobalSection(SolutionProperties) = preSolution
		HideSolutionNode = FALSE
	EndGlobalSection
	GlobalSection(MonoDevelopProperties) = preSolution
		StartupItem = Assembly-CSharp.csproj
	EndGlobalSection
EndGlobal
