
Microsoft Visual Studio Solution File, Format Version 11.00
# Visual Studio 2010
Project("{FAE04EC0-301F-11D3-BF4B-00C04F79EFBC}") = "apis", "Assembly-CSharp.csproj", "{CAF91B8B-26B1-1A77-C7E1-04CB69E1296E}"
EndProject
Project("{FAE04EC0-301F-11D3-BF4B-00C04F79EFBC}") = "apis", "Assembly-CSharp-firstpass.csproj", "{482E446D-6DC1-35B4-35A0-DD9020A5FAC9}"
EndProject
Project("{FAE04EC0-301F-11D3-BF4B-00C04F79EFBC}") = "apis", "Assembly-CSharp-Editor.csproj", "{B5381990-4484-7E03-DE11-71F489EB7E3A}"
EndProject
Project("{35337F12-32B9-B5C9-2996-E059174EF735}") = "apis", "Assembly-UnityScript-Editor-firstpass.unityproj", "{76AD0B20-72EE-BA3F-52E8-A6C53FE8E1DE}"
EndProject
Global
	GlobalSection(SolutionConfigurationPlatforms) = preSolution
		Debug|Any CPU = Debug|Any CPU
		Release|Any CPU = Release|Any CPU
	EndGlobalSection
	GlobalSection(ProjectConfigurationPlatforms) = postSolution
		{CAF91B8B-26B1-1A77-C7E1-04CB69E1296E}.Debug|Any CPU.ActiveCfg = Debug|Any CPU
		{CAF91B8B-26B1-1A77-C7E1-04CB69E1296E}.Debug|Any CPU.Build.0 = Debug|Any CPU
		{CAF91B8B-26B1-1A77-C7E1-04CB69E1296E}.Release|Any CPU.ActiveCfg = Release|Any CPU
		{CAF91B8B-26B1-1A77-C7E1-04CB69E1296E}.Release|Any CPU.Build.0 = Release|Any CPU
		{482E446D-6DC1-35B4-35A0-DD9020A5FAC9}.Debug|Any CPU.ActiveCfg = Debug|Any CPU
		{482E446D-6DC1-35B4-35A0-DD9020A5FAC9}.Debug|Any CPU.Build.0 = Debug|Any CPU
		{482E446D-6DC1-35B4-35A0-DD9020A5FAC9}.Release|Any CPU.ActiveCfg = Release|Any CPU
		{482E446D-6DC1-35B4-35A0-DD9020A5FAC9}.Release|Any CPU.Build.0 = Release|Any CPU
		{B5381990-4484-7E03-DE11-71F489EB7E3A}.Debug|Any CPU.ActiveCfg = Debug|Any CPU
		{B5381990-4484-7E03-DE11-71F489EB7E3A}.Debug|Any CPU.Build.0 = Debug|Any CPU
		{B5381990-4484-7E03-DE11-71F489EB7E3A}.Release|Any CPU.ActiveCfg = Release|Any CPU
		{B5381990-4484-7E03-DE11-71F489EB7E3A}.Release|Any CPU.Build.0 = Release|Any CPU
		{76AD0B20-72EE-BA3F-52E8-A6C53FE8E1DE}.Debug|Any CPU.ActiveCfg = Debug|Any CPU
		{76AD0B20-72EE-BA3F-52E8-A6C53FE8E1DE}.Debug|Any CPU.Build.0 = Debug|Any CPU
		{76AD0B20-72EE-BA3F-52E8-A6C53FE8E1DE}.Release|Any CPU.ActiveCfg = Release|Any CPU
		{76AD0B20-72EE-BA3F-52E8-A6C53FE8E1DE}.Release|Any CPU.Build.0 = Release|Any CPU
	EndGlobalSection
	GlobalSection(SolutionProperties) = preSolution
		HideSolutionNode = FALSE
	EndGlobalSection
	GlobalSection(MonoDevelopProperties) = preSolution
		StartupItem = Assembly-CSharp.csproj
	EndGlobalSection
EndGlobal
