
Microsoft Visual Studio Solution File, Format Version 11.00
# Visual Studio 2010
Project("{FAE04EC0-301F-11D3-BF4B-00C04F79EFBC}") = "cans_and_apis", "Assembly-CSharp.csproj", "{E72174C8-E847-C60E-7AAA-1C85052D4606}"
EndProject
Project("{FAE04EC0-301F-11D3-BF4B-00C04F79EFBC}") = "cans_and_apis", "Assembly-CSharp-firstpass.csproj", "{67D750DA-58E8-2138-8F3B-1E271CEC9947}"
EndProject
Project("{FAE04EC0-301F-11D3-BF4B-00C04F79EFBC}") = "cans_and_apis", "Assembly-CSharp-Editor.csproj", "{57431C7A-065D-7B55-8B32-66DA83BF5FA8}"
EndProject
Project("{DF81A346-C926-8C67-2910-E73F78050362}") = "cans_and_apis", "Assembly-UnityScript-Editor-firstpass.unityproj", "{B0E8F290-AC9B-75C7-321D-95707DF9B648}"
EndProject
Global
	GlobalSection(SolutionConfigurationPlatforms) = preSolution
		Debug|Any CPU = Debug|Any CPU
		Release|Any CPU = Release|Any CPU
	EndGlobalSection
	GlobalSection(ProjectConfigurationPlatforms) = postSolution
		{E72174C8-E847-C60E-7AAA-1C85052D4606}.Debug|Any CPU.ActiveCfg = Debug|Any CPU
		{E72174C8-E847-C60E-7AAA-1C85052D4606}.Debug|Any CPU.Build.0 = Debug|Any CPU
		{E72174C8-E847-C60E-7AAA-1C85052D4606}.Release|Any CPU.ActiveCfg = Release|Any CPU
		{E72174C8-E847-C60E-7AAA-1C85052D4606}.Release|Any CPU.Build.0 = Release|Any CPU
		{67D750DA-58E8-2138-8F3B-1E271CEC9947}.Debug|Any CPU.ActiveCfg = Debug|Any CPU
		{67D750DA-58E8-2138-8F3B-1E271CEC9947}.Debug|Any CPU.Build.0 = Debug|Any CPU
		{67D750DA-58E8-2138-8F3B-1E271CEC9947}.Release|Any CPU.ActiveCfg = Release|Any CPU
		{67D750DA-58E8-2138-8F3B-1E271CEC9947}.Release|Any CPU.Build.0 = Release|Any CPU
		{57431C7A-065D-7B55-8B32-66DA83BF5FA8}.Debug|Any CPU.ActiveCfg = Debug|Any CPU
		{57431C7A-065D-7B55-8B32-66DA83BF5FA8}.Debug|Any CPU.Build.0 = Debug|Any CPU
		{57431C7A-065D-7B55-8B32-66DA83BF5FA8}.Release|Any CPU.ActiveCfg = Release|Any CPU
		{57431C7A-065D-7B55-8B32-66DA83BF5FA8}.Release|Any CPU.Build.0 = Release|Any CPU
		{B0E8F290-AC9B-75C7-321D-95707DF9B648}.Debug|Any CPU.ActiveCfg = Debug|Any CPU
		{B0E8F290-AC9B-75C7-321D-95707DF9B648}.Debug|Any CPU.Build.0 = Debug|Any CPU
		{B0E8F290-AC9B-75C7-321D-95707DF9B648}.Release|Any CPU.ActiveCfg = Release|Any CPU
		{B0E8F290-AC9B-75C7-321D-95707DF9B648}.Release|Any CPU.Build.0 = Release|Any CPU
	EndGlobalSection
	GlobalSection(SolutionProperties) = preSolution
		HideSolutionNode = FALSE
	EndGlobalSection
	GlobalSection(MonoDevelopProperties) = preSolution
		StartupItem = Assembly-CSharp.csproj
	EndGlobalSection
EndGlobal
