
Microsoft Visual Studio Solution File, Format Version 11.00
# Visual Studio 2010
Project("{FAE04EC0-301F-11D3-BF4B-00C04F79EFBC}") = "getData", "Assembly-CSharp.csproj", "{51A971FF-8A21-9CEA-5D89-526770E5E761}"
EndProject
Project("{FAE04EC0-301F-11D3-BF4B-00C04F79EFBC}") = "getData", "Assembly-CSharp-firstpass.csproj", "{235580C3-3160-9FA2-8A5B-9954B2597067}"
EndProject
Project("{FAE04EC0-301F-11D3-BF4B-00C04F79EFBC}") = "getData", "Assembly-CSharp-Editor.csproj", "{973769AD-3F7A-EC66-DE70-01408A80FC65}"
EndProject
Global
	GlobalSection(SolutionConfigurationPlatforms) = preSolution
		Debug|Any CPU = Debug|Any CPU
		Release|Any CPU = Release|Any CPU
	EndGlobalSection
	GlobalSection(ProjectConfigurationPlatforms) = postSolution
		{51A971FF-8A21-9CEA-5D89-526770E5E761}.Debug|Any CPU.ActiveCfg = Debug|Any CPU
		{51A971FF-8A21-9CEA-5D89-526770E5E761}.Debug|Any CPU.Build.0 = Debug|Any CPU
		{51A971FF-8A21-9CEA-5D89-526770E5E761}.Release|Any CPU.ActiveCfg = Release|Any CPU
		{51A971FF-8A21-9CEA-5D89-526770E5E761}.Release|Any CPU.Build.0 = Release|Any CPU
		{235580C3-3160-9FA2-8A5B-9954B2597067}.Debug|Any CPU.ActiveCfg = Debug|Any CPU
		{235580C3-3160-9FA2-8A5B-9954B2597067}.Debug|Any CPU.Build.0 = Debug|Any CPU
		{235580C3-3160-9FA2-8A5B-9954B2597067}.Release|Any CPU.ActiveCfg = Release|Any CPU
		{235580C3-3160-9FA2-8A5B-9954B2597067}.Release|Any CPU.Build.0 = Release|Any CPU
		{973769AD-3F7A-EC66-DE70-01408A80FC65}.Debug|Any CPU.ActiveCfg = Debug|Any CPU
		{973769AD-3F7A-EC66-DE70-01408A80FC65}.Debug|Any CPU.Build.0 = Debug|Any CPU
		{973769AD-3F7A-EC66-DE70-01408A80FC65}.Release|Any CPU.ActiveCfg = Release|Any CPU
		{973769AD-3F7A-EC66-DE70-01408A80FC65}.Release|Any CPU.Build.0 = Release|Any CPU
	EndGlobalSection
	GlobalSection(SolutionProperties) = preSolution
		HideSolutionNode = FALSE
	EndGlobalSection
	GlobalSection(MonoDevelopProperties) = preSolution
		StartupItem = Assembly-CSharp.csproj
	EndGlobalSection
EndGlobal
