
Microsoft Visual Studio Solution File, Format Version 11.00
# Visual Studio 2010
Project("{FAE04EC0-301F-11D3-BF4B-00C04F79EFBC}") = "imgTargets", "Assembly-CSharp.csproj", "{D0CA7AB0-8110-B2EF-6C66-22AEC0E16B99}"
EndProject
Project("{FAE04EC0-301F-11D3-BF4B-00C04F79EFBC}") = "imgTargets", "Assembly-CSharp-Editor.csproj", "{52256E08-436B-E204-7D4F-323385AEAD36}"
EndProject
Project("{C53CE915-18FD-D333-11AE-0ECBA8BC17EB}") = "imgTargets", "Assembly-UnityScript-Editor-firstpass.unityproj", "{68360CD2-425F-70A1-0539-4C7EC91704B6}"
EndProject
Global
	GlobalSection(SolutionConfigurationPlatforms) = preSolution
		Debug|Any CPU = Debug|Any CPU
		Release|Any CPU = Release|Any CPU
	EndGlobalSection
	GlobalSection(ProjectConfigurationPlatforms) = postSolution
		{D0CA7AB0-8110-B2EF-6C66-22AEC0E16B99}.Debug|Any CPU.ActiveCfg = Debug|Any CPU
		{D0CA7AB0-8110-B2EF-6C66-22AEC0E16B99}.Debug|Any CPU.Build.0 = Debug|Any CPU
		{D0CA7AB0-8110-B2EF-6C66-22AEC0E16B99}.Release|Any CPU.ActiveCfg = Release|Any CPU
		{D0CA7AB0-8110-B2EF-6C66-22AEC0E16B99}.Release|Any CPU.Build.0 = Release|Any CPU
		{52256E08-436B-E204-7D4F-323385AEAD36}.Debug|Any CPU.ActiveCfg = Debug|Any CPU
		{52256E08-436B-E204-7D4F-323385AEAD36}.Debug|Any CPU.Build.0 = Debug|Any CPU
		{52256E08-436B-E204-7D4F-323385AEAD36}.Release|Any CPU.ActiveCfg = Release|Any CPU
		{52256E08-436B-E204-7D4F-323385AEAD36}.Release|Any CPU.Build.0 = Release|Any CPU
		{68360CD2-425F-70A1-0539-4C7EC91704B6}.Debug|Any CPU.ActiveCfg = Debug|Any CPU
		{68360CD2-425F-70A1-0539-4C7EC91704B6}.Debug|Any CPU.Build.0 = Debug|Any CPU
		{68360CD2-425F-70A1-0539-4C7EC91704B6}.Release|Any CPU.ActiveCfg = Release|Any CPU
		{68360CD2-425F-70A1-0539-4C7EC91704B6}.Release|Any CPU.Build.0 = Release|Any CPU
	EndGlobalSection
	GlobalSection(SolutionProperties) = preSolution
		HideSolutionNode = FALSE
	EndGlobalSection
	GlobalSection(MonoDevelopProperties) = preSolution
		StartupItem = Assembly-CSharp.csproj
	EndGlobalSection
EndGlobal
